
Microsoft Visual Studio Solution File, Format Version 12.00
# Visual Studio Version 17
VisualStudioVersion = 17.11.35303.130
MinimumVisualStudioVersion = 10.0.40219.1
Project("{FAE04EC0-301F-11D3-BF4B-00C04F79EFBC}") = "Tyuiu.FedotkinNE.Sprint2.Review.V13", "Tyuiu.FedotkinNE.Sprint2.Review.V13\Tyuiu.FedotkinNE.Sprint2.Review.V13.csproj", "{D08E4148-D4E4-40D5-8CC6-F8846E9DC315}"
EndProject
Project("{FAE04EC0-301F-11D3-BF4B-00C04F79EFBC}") = "Tyuiu.FedotkinNE.Sprint2.Review.V13.Lib", "Tyuiu.FedotkinNE.Sprint2.Review.V13.Lib\Tyuiu.FedotkinNE.Sprint2.Review.V13.Lib.csproj", "{11912EAE-2BA2-466C-9F37-84F43CA295D5}"
EndProject
Project("{FAE04EC0-301F-11D3-BF4B-00C04F79EFBC}") = "Tyuiu.FedotkinNE.Sprint2.Review.V13.Test", "Tyuiu.FedotkinNE.Sprint2.Review.V13.Test\Tyuiu.FedotkinNE.Sprint2.Review.V13.Test.csproj", "{6D69A06A-A51C-40A8-BE31-5477DEA89266}"
EndProject
Global
	GlobalSection(SolutionConfigurationPlatforms) = preSolution
		Debug|Any CPU = Debug|Any CPU
		Release|Any CPU = Release|Any CPU
	EndGlobalSection
	GlobalSection(ProjectConfigurationPlatforms) = postSolution
		{D08E4148-D4E4-40D5-8CC6-F8846E9DC315}.Debug|Any CPU.ActiveCfg = Debug|Any CPU
		{D08E4148-D4E4-40D5-8CC6-F8846E9DC315}.Debug|Any CPU.Build.0 = Debug|Any CPU
		{D08E4148-D4E4-40D5-8CC6-F8846E9DC315}.Release|Any CPU.ActiveCfg = Release|Any CPU
		{D08E4148-D4E4-40D5-8CC6-F8846E9DC315}.Release|Any CPU.Build.0 = Release|Any CPU
		{11912EAE-2BA2-466C-9F37-84F43CA295D5}.Debug|Any CPU.ActiveCfg = Debug|Any CPU
		{11912EAE-2BA2-466C-9F37-84F43CA295D5}.Debug|Any CPU.Build.0 = Debug|Any CPU
		{11912EAE-2BA2-466C-9F37-84F43CA295D5}.Release|Any CPU.ActiveCfg = Release|Any CPU
		{11912EAE-2BA2-466C-9F37-84F43CA295D5}.Release|Any CPU.Build.0 = Release|Any CPU
		{6D69A06A-A51C-40A8-BE31-5477DEA89266}.Debug|Any CPU.ActiveCfg = Debug|Any CPU
		{6D69A06A-A51C-40A8-BE31-5477DEA89266}.Debug|Any CPU.Build.0 = Debug|Any CPU
		{6D69A06A-A51C-40A8-BE31-5477DEA89266}.Release|Any CPU.ActiveCfg = Release|Any CPU
		{6D69A06A-A51C-40A8-BE31-5477DEA89266}.Release|Any CPU.Build.0 = Release|Any CPU
	EndGlobalSection
	GlobalSection(SolutionProperties) = preSolution
		HideSolutionNode = FALSE
	EndGlobalSection
	GlobalSection(ExtensibilityGlobals) = postSolution
		SolutionGuid = {BDE3D9C6-67A8-439B-9A9B-6E4FE7C0C4A0}
	EndGlobalSection
EndGlobal
